
Microsoft Visual Studio Solution File, Format Version 12.00
# Visual Studio 14
VisualStudioVersion = 14.0.25420.1
MinimumVisualStudioVersion = 10.0.40219.1
Project("{FAE04EC0-301F-11D3-BF4B-00C04F79EFBC}") = "AppSQL.Droid", "AppSQL\AppSQL.Droid\AppSQL.Droid.csproj", "{7BF71DF4-8005-4A3B-858C-FB921E9E24D1}"
EndProject
Project("{FAE04EC0-301F-11D3-BF4B-00C04F79EFBC}") = "AppSQL.iOS", "AppSQL\AppSQL.iOS\AppSQL.iOS.csproj", "{E101FD80-9E4F-4EF3-BCCF-13A53E5C8FE9}"
EndProject
Project("{FAE04EC0-301F-11D3-BF4B-00C04F79EFBC}") = "AppSQL.WinPhone", "AppSQL\AppSQL.WinPhone\AppSQL.WinPhone.csproj", "{8A0F0170-E21D-41E5-8DA0-4E3688784C61}"
EndProject
Project("{FAE04EC0-301F-11D3-BF4B-00C04F79EFBC}") = "AppSQL.UWP", "AppSQL\AppSQL.UWP\AppSQL.UWP.csproj", "{CA7F52BA-0D01-4F6D-87C3-0FF77AB7991D}"
EndProject
Project("{FAE04EC0-301F-11D3-BF4B-00C04F79EFBC}") = "AppSQL.Windows", "AppSQL\AppSQL.Windows\AppSQL.Windows.csproj", "{11B46B33-6478-40FF-AF7B-2E46BE442224}"
EndProject
Project("{FAE04EC0-301F-11D3-BF4B-00C04F79EFBC}") = "AppSQL", "AppSQL\AppSQL\AppSQL.csproj", "{F51DE9E7-B19A-4015-884E-FFBC6AF06913}"
EndProject
Global
	GlobalSection(SolutionConfigurationPlatforms) = preSolution
		Ad-Hoc|Any CPU = Ad-Hoc|Any CPU
		Ad-Hoc|ARM = Ad-Hoc|ARM
		Ad-Hoc|iPhone = Ad-Hoc|iPhone
		Ad-Hoc|iPhoneSimulator = Ad-Hoc|iPhoneSimulator
		Ad-Hoc|x64 = Ad-Hoc|x64
		Ad-Hoc|x86 = Ad-Hoc|x86
		AppStore|Any CPU = AppStore|Any CPU
		AppStore|ARM = AppStore|ARM
		AppStore|iPhone = AppStore|iPhone
		AppStore|iPhoneSimulator = AppStore|iPhoneSimulator
		AppStore|x64 = AppStore|x64
		AppStore|x86 = AppStore|x86
		Debug|Any CPU = Debug|Any CPU
		Debug|ARM = Debug|ARM
		Debug|iPhone = Debug|iPhone
		Debug|iPhoneSimulator = Debug|iPhoneSimulator
		Debug|x64 = Debug|x64
		Debug|x86 = Debug|x86
		Release|Any CPU = Release|Any CPU
		Release|ARM = Release|ARM
		Release|iPhone = Release|iPhone
		Release|iPhoneSimulator = Release|iPhoneSimulator
		Release|x64 = Release|x64
		Release|x86 = Release|x86
	EndGlobalSection
	GlobalSection(ProjectConfigurationPlatforms) = postSolution
		{7BF71DF4-8005-4A3B-858C-FB921E9E24D1}.Ad-Hoc|Any CPU.ActiveCfg = Release|Any CPU
		{7BF71DF4-8005-4A3B-858C-FB921E9E24D1}.Ad-Hoc|Any CPU.Build.0 = Release|Any CPU
		{7BF71DF4-8005-4A3B-858C-FB921E9E24D1}.Ad-Hoc|Any CPU.Deploy.0 = Release|Any CPU
		{7BF71DF4-8005-4A3B-858C-FB921E9E24D1}.Ad-Hoc|ARM.ActiveCfg = Release|Any CPU
		{7BF71DF4-8005-4A3B-858C-FB921E9E24D1}.Ad-Hoc|ARM.Build.0 = Release|Any CPU
		{7BF71DF4-8005-4A3B-858C-FB921E9E24D1}.Ad-Hoc|ARM.Deploy.0 = Release|Any CPU
		{7BF71DF4-8005-4A3B-858C-FB921E9E24D1}.Ad-Hoc|iPhone.ActiveCfg = Release|Any CPU
		{7BF71DF4-8005-4A3B-858C-FB921E9E24D1}.Ad-Hoc|iPhone.Build.0 = Release|Any CPU
		{7BF71DF4-8005-4A3B-858C-FB921E9E24D1}.Ad-Hoc|iPhone.Deploy.0 = Release|Any CPU
		{7BF71DF4-8005-4A3B-858C-FB921E9E24D1}.Ad-Hoc|iPhoneSimulator.ActiveCfg = Release|Any CPU
		{7BF71DF4-8005-4A3B-858C-FB921E9E24D1}.Ad-Hoc|iPhoneSimulator.Build.0 = Release|Any CPU
		{7BF71DF4-8005-4A3B-858C-FB921E9E24D1}.Ad-Hoc|iPhoneSimulator.Deploy.0 = Release|Any CPU
		{7BF71DF4-8005-4A3B-858C-FB921E9E24D1}.Ad-Hoc|x64.ActiveCfg = Release|Any CPU
		{7BF71DF4-8005-4A3B-858C-FB921E9E24D1}.Ad-Hoc|x64.Build.0 = Release|Any CPU
		{7BF71DF4-8005-4A3B-858C-FB921E9E24D1}.Ad-Hoc|x64.Deploy.0 = Release|Any CPU
		{7BF71DF4-8005-4A3B-858C-FB921E9E24D1}.Ad-Hoc|x86.ActiveCfg = Release|Any CPU
		{7BF71DF4-8005-4A3B-858C-FB921E9E24D1}.Ad-Hoc|x86.Build.0 = Release|Any CPU
		{7BF71DF4-8005-4A3B-858C-FB921E9E24D1}.Ad-Hoc|x86.Deploy.0 = Release|Any CPU
		{7BF71DF4-8005-4A3B-858C-FB921E9E24D1}.AppStore|Any CPU.ActiveCfg = Release|Any CPU
		{7BF71DF4-8005-4A3B-858C-FB921E9E24D1}.AppStore|Any CPU.Build.0 = Release|Any CPU
		{7BF71DF4-8005-4A3B-858C-FB921E9E24D1}.AppStore|Any CPU.Deploy.0 = Release|Any CPU
		{7BF71DF4-8005-4A3B-858C-FB921E9E24D1}.AppStore|ARM.ActiveCfg = Release|Any CPU
		{7BF71DF4-8005-4A3B-858C-FB921E9E24D1}.AppStore|ARM.Build.0 = Release|Any CPU
		{7BF71DF4-8005-4A3B-858C-FB921E9E24D1}.AppStore|ARM.Deploy.0 = Release|Any CPU
		{7BF71DF4-8005-4A3B-858C-FB921E9E24D1}.AppStore|iPhone.ActiveCfg = Release|Any CPU
		{7BF71DF4-8005-4A3B-858C-FB921E9E24D1}.AppStore|iPhone.Build.0 = Release|Any CPU
		{7BF71DF4-8005-4A3B-858C-FB921E9E24D1}.AppStore|iPhone.Deploy.0 = Release|Any CPU
		{7BF71DF4-8005-4A3B-858C-FB921E9E24D1}.AppStore|iPhoneSimulator.ActiveCfg = Release|Any CPU
		{7BF71DF4-8005-4A3B-858C-FB921E9E24D1}.AppStore|iPhoneSimulator.Build.0 = Release|Any CPU
		{7BF71DF4-8005-4A3B-858C-FB921E9E24D1}.AppStore|iPhoneSimulator.Deploy.0 = Release|Any CPU
		{7BF71DF4-8005-4A3B-858C-FB921E9E24D1}.AppStore|x64.ActiveCfg = Release|Any CPU
		{7BF71DF4-8005-4A3B-858C-FB921E9E24D1}.AppStore|x64.Build.0 = Release|Any CPU
		{7BF71DF4-8005-4A3B-858C-FB921E9E24D1}.AppStore|x64.Deploy.0 = Release|Any CPU
		{7BF71DF4-8005-4A3B-858C-FB921E9E24D1}.AppStore|x86.ActiveCfg = Release|Any CPU
		{7BF71DF4-8005-4A3B-858C-FB921E9E24D1}.AppStore|x86.Build.0 = Release|Any CPU
		{7BF71DF4-8005-4A3B-858C-FB921E9E24D1}.AppStore|x86.Deploy.0 = Release|Any CPU
		{7BF71DF4-8005-4A3B-858C-FB921E9E24D1}.Debug|Any CPU.ActiveCfg = Debug|Any CPU
		{7BF71DF4-8005-4A3B-858C-FB921E9E24D1}.Debug|Any CPU.Build.0 = Debug|Any CPU
		{7BF71DF4-8005-4A3B-858C-FB921E9E24D1}.Debug|Any CPU.Deploy.0 = Debug|Any CPU
		{7BF71DF4-8005-4A3B-858C-FB921E9E24D1}.Debug|ARM.ActiveCfg = Debug|Any CPU
		{7BF71DF4-8005-4A3B-858C-FB921E9E24D1}.Debug|ARM.Build.0 = Debug|Any CPU
		{7BF71DF4-8005-4A3B-858C-FB921E9E24D1}.Debug|ARM.Deploy.0 = Debug|Any CPU
		{7BF71DF4-8005-4A3B-858C-FB921E9E24D1}.Debug|iPhone.ActiveCfg = Debug|Any CPU
		{7BF71DF4-8005-4A3B-858C-FB921E9E24D1}.Debug|iPhone.Build.0 = Debug|Any CPU
		{7BF71DF4-8005-4A3B-858C-FB921E9E24D1}.Debug|iPhone.Deploy.0 = Debug|Any CPU
		{7BF71DF4-8005-4A3B-858C-FB921E9E24D1}.Debug|iPhoneSimulator.ActiveCfg = Debug|Any CPU
		{7BF71DF4-8005-4A3B-858C-FB921E9E24D1}.Debug|iPhoneSimulator.Build.0 = Debug|Any CPU
		{7BF71DF4-8005-4A3B-858C-FB921E9E24D1}.Debug|iPhoneSimulator.Deploy.0 = Debug|Any CPU
		{7BF71DF4-8005-4A3B-858C-FB921E9E24D1}.Debug|x64.ActiveCfg = Debug|Any CPU
		{7BF71DF4-8005-4A3B-858C-FB921E9E24D1}.Debug|x64.Build.0 = Debug|Any CPU
		{7BF71DF4-8005-4A3B-858C-FB921E9E24D1}.Debug|x64.Deploy.0 = Debug|Any CPU
		{7BF71DF4-8005-4A3B-858C-FB921E9E24D1}.Debug|x86.ActiveCfg = Debug|Any CPU
		{7BF71DF4-8005-4A3B-858C-FB921E9E24D1}.Debug|x86.Build.0 = Debug|Any CPU
		{7BF71DF4-8005-4A3B-858C-FB921E9E24D1}.Debug|x86.Deploy.0 = Debug|Any CPU
		{7BF71DF4-8005-4A3B-858C-FB921E9E24D1}.Release|Any CPU.ActiveCfg = Release|Any CPU
		{7BF71DF4-8005-4A3B-858C-FB921E9E24D1}.Release|Any CPU.Build.0 = Release|Any CPU
		{7BF71DF4-8005-4A3B-858C-FB921E9E24D1}.Release|Any CPU.Deploy.0 = Release|Any CPU
		{7BF71DF4-8005-4A3B-858C-FB921E9E24D1}.Release|ARM.ActiveCfg = Release|Any CPU
		{7BF71DF4-8005-4A3B-858C-FB921E9E24D1}.Release|ARM.Build.0 = Release|Any CPU
		{7BF71DF4-8005-4A3B-858C-FB921E9E24D1}.Release|ARM.Deploy.0 = Release|Any CPU
		{7BF71DF4-8005-4A3B-858C-FB921E9E24D1}.Release|iPhone.ActiveCfg = Release|Any CPU
		{7BF71DF4-8005-4A3B-858C-FB921E9E24D1}.Release|iPhone.Build.0 = Release|Any CPU
		{7BF71DF4-8005-4A3B-858C-FB921E9E24D1}.Release|iPhone.Deploy.0 = Release|Any CPU
		{7BF71DF4-8005-4A3B-858C-FB921E9E24D1}.Release|iPhoneSimulator.ActiveCfg = Release|Any CPU
		{7BF71DF4-8005-4A3B-858C-FB921E9E24D1}.Release|iPhoneSimulator.Build.0 = Release|Any CPU
		{7BF71DF4-8005-4A3B-858C-FB921E9E24D1}.Release|iPhoneSimulator.Deploy.0 = Release|Any CPU
		{7BF71DF4-8005-4A3B-858C-FB921E9E24D1}.Release|x64.ActiveCfg = Release|Any CPU
		{7BF71DF4-8005-4A3B-858C-FB921E9E24D1}.Release|x64.Build.0 = Release|Any CPU
		{7BF71DF4-8005-4A3B-858C-FB921E9E24D1}.Release|x64.Deploy.0 = Release|Any CPU
		{7BF71DF4-8005-4A3B-858C-FB921E9E24D1}.Release|x86.ActiveCfg = Release|Any CPU
		{7BF71DF4-8005-4A3B-858C-FB921E9E24D1}.Release|x86.Build.0 = Release|Any CPU
		{7BF71DF4-8005-4A3B-858C-FB921E9E24D1}.Release|x86.Deploy.0 = Release|Any CPU
		{E101FD80-9E4F-4EF3-BCCF-13A53E5C8FE9}.Ad-Hoc|Any CPU.ActiveCfg = Ad-Hoc|iPhone
		{E101FD80-9E4F-4EF3-BCCF-13A53E5C8FE9}.Ad-Hoc|ARM.ActiveCfg = Ad-Hoc|iPhone
		{E101FD80-9E4F-4EF3-BCCF-13A53E5C8FE9}.Ad-Hoc|iPhone.ActiveCfg = Ad-Hoc|iPhone
		{E101FD80-9E4F-4EF3-BCCF-13A53E5C8FE9}.Ad-Hoc|iPhone.Build.0 = Ad-Hoc|iPhone
		{E101FD80-9E4F-4EF3-BCCF-13A53E5C8FE9}.Ad-Hoc|iPhoneSimulator.ActiveCfg = Ad-Hoc|iPhoneSimulator
		{E101FD80-9E4F-4EF3-BCCF-13A53E5C8FE9}.Ad-Hoc|iPhoneSimulator.Build.0 = Ad-Hoc|iPhoneSimulator
		{E101FD80-9E4F-4EF3-BCCF-13A53E5C8FE9}.Ad-Hoc|x64.ActiveCfg = Ad-Hoc|iPhone
		{E101FD80-9E4F-4EF3-BCCF-13A53E5C8FE9}.Ad-Hoc|x86.ActiveCfg = Ad-Hoc|iPhone
		{E101FD80-9E4F-4EF3-BCCF-13A53E5C8FE9}.AppStore|Any CPU.ActiveCfg = AppStore|iPhone
		{E101FD80-9E4F-4EF3-BCCF-13A53E5C8FE9}.AppStore|ARM.ActiveCfg = AppStore|iPhone
		{E101FD80-9E4F-4EF3-BCCF-13A53E5C8FE9}.AppStore|iPhone.ActiveCfg = AppStore|iPhone
		{E101FD80-9E4F-4EF3-BCCF-13A53E5C8FE9}.AppStore|iPhone.Build.0 = AppStore|iPhone
		{E101FD80-9E4F-4EF3-BCCF-13A53E5C8FE9}.AppStore|iPhoneSimulator.ActiveCfg = AppStore|iPhoneSimulator
		{E101FD80-9E4F-4EF3-BCCF-13A53E5C8FE9}.AppStore|iPhoneSimulator.Build.0 = AppStore|iPhoneSimulator
		{E101FD80-9E4F-4EF3-BCCF-13A53E5C8FE9}.AppStore|x64.ActiveCfg = AppStore|iPhone
		{E101FD80-9E4F-4EF3-BCCF-13A53E5C8FE9}.AppStore|x86.ActiveCfg = AppStore|iPhone
		{E101FD80-9E4F-4EF3-BCCF-13A53E5C8FE9}.Debug|Any CPU.ActiveCfg = Debug|iPhone
		{E101FD80-9E4F-4EF3-BCCF-13A53E5C8FE9}.Debug|ARM.ActiveCfg = Debug|iPhone
		{E101FD80-9E4F-4EF3-BCCF-13A53E5C8FE9}.Debug|iPhone.ActiveCfg = Debug|iPhone
		{E101FD80-9E4F-4EF3-BCCF-13A53E5C8FE9}.Debug|iPhone.Build.0 = Debug|iPhone
		{E101FD80-9E4F-4EF3-BCCF-13A53E5C8FE9}.Debug|iPhoneSimulator.ActiveCfg = Debug|iPhoneSimulator
		{E101FD80-9E4F-4EF3-BCCF-13A53E5C8FE9}.Debug|iPhoneSimulator.Build.0 = Debug|iPhoneSimulator
		{E101FD80-9E4F-4EF3-BCCF-13A53E5C8FE9}.Debug|x64.ActiveCfg = Debug|iPhone
		{E101FD80-9E4F-4EF3-BCCF-13A53E5C8FE9}.Debug|x86.ActiveCfg = Debug|iPhone
		{E101FD80-9E4F-4EF3-BCCF-13A53E5C8FE9}.Release|Any CPU.ActiveCfg = Release|iPhone
		{E101FD80-9E4F-4EF3-BCCF-13A53E5C8FE9}.Release|ARM.ActiveCfg = Release|iPhone
		{E101FD80-9E4F-4EF3-BCCF-13A53E5C8FE9}.Release|iPhone.ActiveCfg = Release|iPhone
		{E101FD80-9E4F-4EF3-BCCF-13A53E5C8FE9}.Release|iPhone.Build.0 = Release|iPhone
		{E101FD80-9E4F-4EF3-BCCF-13A53E5C8FE9}.Release|iPhoneSimulator.ActiveCfg = Release|iPhoneSimulator
		{E101FD80-9E4F-4EF3-BCCF-13A53E5C8FE9}.Release|iPhoneSimulator.Build.0 = Release|iPhoneSimulator
		{E101FD80-9E4F-4EF3-BCCF-13A53E5C8FE9}.Release|x64.ActiveCfg = Release|iPhone
		{E101FD80-9E4F-4EF3-BCCF-13A53E5C8FE9}.Release|x86.ActiveCfg = Release|iPhone
		{8A0F0170-E21D-41E5-8DA0-4E3688784C61}.Ad-Hoc|Any CPU.ActiveCfg = Release|Any CPU
		{8A0F0170-E21D-41E5-8DA0-4E3688784C61}.Ad-Hoc|Any CPU.Build.0 = Release|Any CPU
		{8A0F0170-E21D-41E5-8DA0-4E3688784C61}.Ad-Hoc|Any CPU.Deploy.0 = Release|Any CPU
		{8A0F0170-E21D-41E5-8DA0-4E3688784C61}.Ad-Hoc|ARM.ActiveCfg = Release|ARM
		{8A0F0170-E21D-41E5-8DA0-4E3688784C61}.Ad-Hoc|ARM.Build.0 = Release|ARM
		{8A0F0170-E21D-41E5-8DA0-4E3688784C61}.Ad-Hoc|ARM.Deploy.0 = Release|ARM
		{8A0F0170-E21D-41E5-8DA0-4E3688784C61}.Ad-Hoc|iPhone.ActiveCfg = Release|Any CPU
		{8A0F0170-E21D-41E5-8DA0-4E3688784C61}.Ad-Hoc|iPhone.Build.0 = Release|Any CPU
		{8A0F0170-E21D-41E5-8DA0-4E3688784C61}.Ad-Hoc|iPhone.Deploy.0 = Release|Any CPU
		{8A0F0170-E21D-41E5-8DA0-4E3688784C61}.Ad-Hoc|iPhoneSimulator.ActiveCfg = Release|Any CPU
		{8A0F0170-E21D-41E5-8DA0-4E3688784C61}.Ad-Hoc|iPhoneSimulator.Build.0 = Release|Any CPU
		{8A0F0170-E21D-41E5-8DA0-4E3688784C61}.Ad-Hoc|iPhoneSimulator.Deploy.0 = Release|Any CPU
		{8A0F0170-E21D-41E5-8DA0-4E3688784C61}.Ad-Hoc|x64.ActiveCfg = Release|Any CPU
		{8A0F0170-E21D-41E5-8DA0-4E3688784C61}.Ad-Hoc|x64.Build.0 = Release|Any CPU
		{8A0F0170-E21D-41E5-8DA0-4E3688784C61}.Ad-Hoc|x64.Deploy.0 = Release|Any CPU
		{8A0F0170-E21D-41E5-8DA0-4E3688784C61}.Ad-Hoc|x86.ActiveCfg = Release|x86
		{8A0F0170-E21D-41E5-8DA0-4E3688784C61}.Ad-Hoc|x86.Build.0 = Release|x86
		{8A0F0170-E21D-41E5-8DA0-4E3688784C61}.Ad-Hoc|x86.Deploy.0 = Release|x86
		{8A0F0170-E21D-41E5-8DA0-4E3688784C61}.AppStore|Any CPU.ActiveCfg = Release|Any CPU
		{8A0F0170-E21D-41E5-8DA0-4E3688784C61}.AppStore|Any CPU.Build.0 = Release|Any CPU
		{8A0F0170-E21D-41E5-8DA0-4E3688784C61}.AppStore|Any CPU.Deploy.0 = Release|Any CPU
		{8A0F0170-E21D-41E5-8DA0-4E3688784C61}.AppStore|ARM.ActiveCfg = Release|ARM
		{8A0F0170-E21D-41E5-8DA0-4E3688784C61}.AppStore|ARM.Build.0 = Release|ARM
		{8A0F0170-E21D-41E5-8DA0-4E3688784C61}.AppStore|ARM.Deploy.0 = Release|ARM
		{8A0F0170-E21D-41E5-8DA0-4E3688784C61}.AppStore|iPhone.ActiveCfg = Release|Any CPU
		{8A0F0170-E21D-41E5-8DA0-4E3688784C61}.AppStore|iPhone.Build.0 = Release|Any CPU
		{8A0F0170-E21D-41E5-8DA0-4E3688784C61}.AppStore|iPhone.Deploy.0 = Release|Any CPU
		{8A0F0170-E21D-41E5-8DA0-4E3688784C61}.AppStore|iPhoneSimulator.ActiveCfg = Release|Any CPU
		{8A0F0170-E21D-41E5-8DA0-4E3688784C61}.AppStore|iPhoneSimulator.Build.0 = Release|Any CPU
		{8A0F0170-E21D-41E5-8DA0-4E3688784C61}.AppStore|iPhoneSimulator.Deploy.0 = Release|Any CPU
		{8A0F0170-E21D-41E5-8DA0-4E3688784C61}.AppStore|x64.ActiveCfg = Release|Any CPU
		{8A0F0170-E21D-41E5-8DA0-4E3688784C61}.AppStore|x64.Build.0 = Release|Any CPU
		{8A0F0170-E21D-41E5-8DA0-4E3688784C61}.AppStore|x64.Deploy.0 = Release|Any CPU
		{8A0F0170-E21D-41E5-8DA0-4E3688784C61}.AppStore|x86.ActiveCfg = Release|x86
		{8A0F0170-E21D-41E5-8DA0-4E3688784C61}.AppStore|x86.Build.0 = Release|x86
		{8A0F0170-E21D-41E5-8DA0-4E3688784C61}.AppStore|x86.Deploy.0 = Release|x86
		{8A0F0170-E21D-41E5-8DA0-4E3688784C61}.Debug|Any CPU.ActiveCfg = Debug|Any CPU
		{8A0F0170-E21D-41E5-8DA0-4E3688784C61}.Debug|Any CPU.Build.0 = Debug|Any CPU
		{8A0F0170-E21D-41E5-8DA0-4E3688784C61}.Debug|Any CPU.Deploy.0 = Debug|Any CPU
		{8A0F0170-E21D-41E5-8DA0-4E3688784C61}.Debug|ARM.ActiveCfg = Debug|ARM
		{8A0F0170-E21D-41E5-8DA0-4E3688784C61}.Debug|ARM.Build.0 = Debug|ARM
		{8A0F0170-E21D-41E5-8DA0-4E3688784C61}.Debug|ARM.Deploy.0 = Debug|ARM
		{8A0F0170-E21D-41E5-8DA0-4E3688784C61}.Debug|iPhone.ActiveCfg = Debug|Any CPU
		{8A0F0170-E21D-41E5-8DA0-4E3688784C61}.Debug|iPhone.Build.0 = Debug|Any CPU
		{8A0F0170-E21D-41E5-8DA0-4E3688784C61}.Debug|iPhone.Deploy.0 = Debug|Any CPU
		{8A0F0170-E21D-41E5-8DA0-4E3688784C61}.Debug|iPhoneSimulator.ActiveCfg = Debug|Any CPU
		{8A0F0170-E21D-41E5-8DA0-4E3688784C61}.Debug|iPhoneSimulator.Build.0 = Debug|Any CPU
		{8A0F0170-E21D-41E5-8DA0-4E3688784C61}.Debug|iPhoneSimulator.Deploy.0 = Debug|Any CPU
		{8A0F0170-E21D-41E5-8DA0-4E3688784C61}.Debug|x64.ActiveCfg = Debug|Any CPU
		{8A0F0170-E21D-41E5-8DA0-4E3688784C61}.Debug|x64.Build.0 = Debug|Any CPU
		{8A0F0170-E21D-41E5-8DA0-4E3688784C61}.Debug|x64.Deploy.0 = Debug|Any CPU
		{8A0F0170-E21D-41E5-8DA0-4E3688784C61}.Debug|x86.ActiveCfg = Debug|x86
		{8A0F0170-E21D-41E5-8DA0-4E3688784C61}.Debug|x86.Build.0 = Debug|x86
		{8A0F0170-E21D-41E5-8DA0-4E3688784C61}.Debug|x86.Deploy.0 = Debug|x86
		{8A0F0170-E21D-41E5-8DA0-4E3688784C61}.Release|Any CPU.ActiveCfg = Release|Any CPU
		{8A0F0170-E21D-41E5-8DA0-4E3688784C61}.Release|Any CPU.Build.0 = Release|Any CPU
		{8A0F0170-E21D-41E5-8DA0-4E3688784C61}.Release|Any CPU.Deploy.0 = Release|Any CPU
		{8A0F0170-E21D-41E5-8DA0-4E3688784C61}.Release|ARM.ActiveCfg = Release|ARM
		{8A0F0170-E21D-41E5-8DA0-4E3688784C61}.Release|ARM.Build.0 = Release|ARM
		{8A0F0170-E21D-41E5-8DA0-4E3688784C61}.Release|ARM.Deploy.0 = Release|ARM
		{8A0F0170-E21D-41E5-8DA0-4E3688784C61}.Release|iPhone.ActiveCfg = Release|Any CPU
		{8A0F0170-E21D-41E5-8DA0-4E3688784C61}.Release|iPhone.Build.0 = Release|Any CPU
		{8A0F0170-E21D-41E5-8DA0-4E3688784C61}.Release|iPhone.Deploy.0 = Release|Any CPU
		{8A0F0170-E21D-41E5-8DA0-4E3688784C61}.Release|iPhoneSimulator.ActiveCfg = Release|Any CPU
		{8A0F0170-E21D-41E5-8DA0-4E3688784C61}.Release|iPhoneSimulator.Build.0 = Release|Any CPU
		{8A0F0170-E21D-41E5-8DA0-4E3688784C61}.Release|iPhoneSimulator.Deploy.0 = Release|Any CPU
		{8A0F0170-E21D-41E5-8DA0-4E3688784C61}.Release|x64.ActiveCfg = Release|Any CPU
		{8A0F0170-E21D-41E5-8DA0-4E3688784C61}.Release|x64.Build.0 = Release|Any CPU
		{8A0F0170-E21D-41E5-8DA0-4E3688784C61}.Release|x64.Deploy.0 = Release|Any CPU
		{8A0F0170-E21D-41E5-8DA0-4E3688784C61}.Release|x86.ActiveCfg = Release|x86
		{8A0F0170-E21D-41E5-8DA0-4E3688784C61}.Release|x86.Build.0 = Release|x86
		{8A0F0170-E21D-41E5-8DA0-4E3688784C61}.Release|x86.Deploy.0 = Release|x86
		{CA7F52BA-0D01-4F6D-87C3-0FF77AB7991D}.Ad-Hoc|Any CPU.ActiveCfg = Release|x86
		{CA7F52BA-0D01-4F6D-87C3-0FF77AB7991D}.Ad-Hoc|Any CPU.Build.0 = Release|x86
		{CA7F52BA-0D01-4F6D-87C3-0FF77AB7991D}.Ad-Hoc|Any CPU.Deploy.0 = Release|x86
		{CA7F52BA-0D01-4F6D-87C3-0FF77AB7991D}.Ad-Hoc|ARM.ActiveCfg = Release|ARM
		{CA7F52BA-0D01-4F6D-87C3-0FF77AB7991D}.Ad-Hoc|ARM.Build.0 = Release|ARM
		{CA7F52BA-0D01-4F6D-87C3-0FF77AB7991D}.Ad-Hoc|ARM.Deploy.0 = Release|ARM
		{CA7F52BA-0D01-4F6D-87C3-0FF77AB7991D}.Ad-Hoc|iPhone.ActiveCfg = Release|x86
		{CA7F52BA-0D01-4F6D-87C3-0FF77AB7991D}.Ad-Hoc|iPhone.Build.0 = Release|x86
		{CA7F52BA-0D01-4F6D-87C3-0FF77AB7991D}.Ad-Hoc|iPhone.Deploy.0 = Release|x86
		{CA7F52BA-0D01-4F6D-87C3-0FF77AB7991D}.Ad-Hoc|iPhoneSimulator.ActiveCfg = Release|x86
		{CA7F52BA-0D01-4F6D-87C3-0FF77AB7991D}.Ad-Hoc|iPhoneSimulator.Build.0 = Release|x86
		{CA7F52BA-0D01-4F6D-87C3-0FF77AB7991D}.Ad-Hoc|iPhoneSimulator.Deploy.0 = Release|x86
		{CA7F52BA-0D01-4F6D-87C3-0FF77AB7991D}.Ad-Hoc|x64.ActiveCfg = Release|x64
		{CA7F52BA-0D01-4F6D-87C3-0FF77AB7991D}.Ad-Hoc|x64.Build.0 = Release|x64
		{CA7F52BA-0D01-4F6D-87C3-0FF77AB7991D}.Ad-Hoc|x64.Deploy.0 = Release|x64
		{CA7F52BA-0D01-4F6D-87C3-0FF77AB7991D}.Ad-Hoc|x86.ActiveCfg = Release|x86
		{CA7F52BA-0D01-4F6D-87C3-0FF77AB7991D}.Ad-Hoc|x86.Build.0 = Release|x86
		{CA7F52BA-0D01-4F6D-87C3-0FF77AB7991D}.Ad-Hoc|x86.Deploy.0 = Release|x86
		{CA7F52BA-0D01-4F6D-87C3-0FF77AB7991D}.AppStore|Any CPU.ActiveCfg = Release|x86
		{CA7F52BA-0D01-4F6D-87C3-0FF77AB7991D}.AppStore|Any CPU.Build.0 = Release|x86
		{CA7F52BA-0D01-4F6D-87C3-0FF77AB7991D}.AppStore|Any CPU.Deploy.0 = Release|x86
		{CA7F52BA-0D01-4F6D-87C3-0FF77AB7991D}.AppStore|ARM.ActiveCfg = Release|ARM
		{CA7F52BA-0D01-4F6D-87C3-0FF77AB7991D}.AppStore|ARM.Build.0 = Release|ARM
		{CA7F52BA-0D01-4F6D-87C3-0FF77AB7991D}.AppStore|ARM.Deploy.0 = Release|ARM
		{CA7F52BA-0D01-4F6D-87C3-0FF77AB7991D}.AppStore|iPhone.ActiveCfg = Release|x86
		{CA7F52BA-0D01-4F6D-87C3-0FF77AB7991D}.AppStore|iPhone.Build.0 = Release|x86
		{CA7F52BA-0D01-4F6D-87C3-0FF77AB7991D}.AppStore|iPhone.Deploy.0 = Release|x86
		{CA7F52BA-0D01-4F6D-87C3-0FF77AB7991D}.AppStore|iPhoneSimulator.ActiveCfg = Release|x86
		{CA7F52BA-0D01-4F6D-87C3-0FF77AB7991D}.AppStore|iPhoneSimulator.Build.0 = Release|x86
		{CA7F52BA-0D01-4F6D-87C3-0FF77AB7991D}.AppStore|iPhoneSimulator.Deploy.0 = Release|x86
		{CA7F52BA-0D01-4F6D-87C3-0FF77AB7991D}.AppStore|x64.ActiveCfg = Release|x64
		{CA7F52BA-0D01-4F6D-87C3-0FF77AB7991D}.AppStore|x64.Build.0 = Release|x64
		{CA7F52BA-0D01-4F6D-87C3-0FF77AB7991D}.AppStore|x64.Deploy.0 = Release|x64
		{CA7F52BA-0D01-4F6D-87C3-0FF77AB7991D}.AppStore|x86.ActiveCfg = Release|x86
		{CA7F52BA-0D01-4F6D-87C3-0FF77AB7991D}.AppStore|x86.Build.0 = Release|x86
		{CA7F52BA-0D01-4F6D-87C3-0FF77AB7991D}.AppStore|x86.Deploy.0 = Release|x86
		{CA7F52BA-0D01-4F6D-87C3-0FF77AB7991D}.Debug|Any CPU.ActiveCfg = Debug|x86
		{CA7F52BA-0D01-4F6D-87C3-0FF77AB7991D}.Debug|Any CPU.Build.0 = Debug|x86
		{CA7F52BA-0D01-4F6D-87C3-0FF77AB7991D}.Debug|Any CPU.Deploy.0 = Debug|x86
		{CA7F52BA-0D01-4F6D-87C3-0FF77AB7991D}.Debug|ARM.ActiveCfg = Debug|ARM
		{CA7F52BA-0D01-4F6D-87C3-0FF77AB7991D}.Debug|ARM.Build.0 = Debug|ARM
		{CA7F52BA-0D01-4F6D-87C3-0FF77AB7991D}.Debug|ARM.Deploy.0 = Debug|ARM
		{CA7F52BA-0D01-4F6D-87C3-0FF77AB7991D}.Debug|iPhone.ActiveCfg = Debug|x86
		{CA7F52BA-0D01-4F6D-87C3-0FF77AB7991D}.Debug|iPhoneSimulator.ActiveCfg = Debug|x86
		{CA7F52BA-0D01-4F6D-87C3-0FF77AB7991D}.Debug|x64.ActiveCfg = Debug|x64
		{CA7F52BA-0D01-4F6D-87C3-0FF77AB7991D}.Debug|x64.Build.0 = Debug|x64
		{CA7F52BA-0D01-4F6D-87C3-0FF77AB7991D}.Debug|x64.Deploy.0 = Debug|x64
		{CA7F52BA-0D01-4F6D-87C3-0FF77AB7991D}.Debug|x86.ActiveCfg = Debug|x86
		{CA7F52BA-0D01-4F6D-87C3-0FF77AB7991D}.Debug|x86.Build.0 = Debug|x86
		{CA7F52BA-0D01-4F6D-87C3-0FF77AB7991D}.Debug|x86.Deploy.0 = Debug|x86
		{CA7F52BA-0D01-4F6D-87C3-0FF77AB7991D}.Release|Any CPU.ActiveCfg = Release|x86
		{CA7F52BA-0D01-4F6D-87C3-0FF77AB7991D}.Release|ARM.ActiveCfg = Release|ARM
		{CA7F52BA-0D01-4F6D-87C3-0FF77AB7991D}.Release|ARM.Build.0 = Release|ARM
		{CA7F52BA-0D01-4F6D-87C3-0FF77AB7991D}.Release|ARM.Deploy.0 = Release|ARM
		{CA7F52BA-0D01-4F6D-87C3-0FF77AB7991D}.Release|iPhone.ActiveCfg = Release|x86
		{CA7F52BA-0D01-4F6D-87C3-0FF77AB7991D}.Release|iPhoneSimulator.ActiveCfg = Release|x86
		{CA7F52BA-0D01-4F6D-87C3-0FF77AB7991D}.Release|x64.ActiveCfg = Release|x64
		{CA7F52BA-0D01-4F6D-87C3-0FF77AB7991D}.Release|x64.Build.0 = Release|x64
		{CA7F52BA-0D01-4F6D-87C3-0FF77AB7991D}.Release|x64.Deploy.0 = Release|x64
		{CA7F52BA-0D01-4F6D-87C3-0FF77AB7991D}.Release|x86.ActiveCfg = Release|x86
		{CA7F52BA-0D01-4F6D-87C3-0FF77AB7991D}.Release|x86.Build.0 = Release|x86
		{CA7F52BA-0D01-4F6D-87C3-0FF77AB7991D}.Release|x86.Deploy.0 = Release|x86
		{11B46B33-6478-40FF-AF7B-2E46BE442224}.Ad-Hoc|Any CPU.ActiveCfg = Release|Any CPU
		{11B46B33-6478-40FF-AF7B-2E46BE442224}.Ad-Hoc|Any CPU.Build.0 = Release|Any CPU
		{11B46B33-6478-40FF-AF7B-2E46BE442224}.Ad-Hoc|Any CPU.Deploy.0 = Release|Any CPU
		{11B46B33-6478-40FF-AF7B-2E46BE442224}.Ad-Hoc|ARM.ActiveCfg = Release|ARM
		{11B46B33-6478-40FF-AF7B-2E46BE442224}.Ad-Hoc|ARM.Build.0 = Release|ARM
		{11B46B33-6478-40FF-AF7B-2E46BE442224}.Ad-Hoc|ARM.Deploy.0 = Release|ARM
		{11B46B33-6478-40FF-AF7B-2E46BE442224}.Ad-Hoc|iPhone.ActiveCfg = Release|Any CPU
		{11B46B33-6478-40FF-AF7B-2E46BE442224}.Ad-Hoc|iPhone.Build.0 = Release|Any CPU
		{11B46B33-6478-40FF-AF7B-2E46BE442224}.Ad-Hoc|iPhone.Deploy.0 = Release|Any CPU
		{11B46B33-6478-40FF-AF7B-2E46BE442224}.Ad-Hoc|iPhoneSimulator.ActiveCfg = Release|Any CPU
		{11B46B33-6478-40FF-AF7B-2E46BE442224}.Ad-Hoc|iPhoneSimulator.Build.0 = Release|Any CPU
		{11B46B33-6478-40FF-AF7B-2E46BE442224}.Ad-Hoc|iPhoneSimulator.Deploy.0 = Release|Any CPU
		{11B46B33-6478-40FF-AF7B-2E46BE442224}.Ad-Hoc|x64.ActiveCfg = Release|x64
		{11B46B33-6478-40FF-AF7B-2E46BE442224}.Ad-Hoc|x64.Build.0 = Release|x64
		{11B46B33-6478-40FF-AF7B-2E46BE442224}.Ad-Hoc|x64.Deploy.0 = Release|x64
		{11B46B33-6478-40FF-AF7B-2E46BE442224}.Ad-Hoc|x86.ActiveCfg = Release|x86
		{11B46B33-6478-40FF-AF7B-2E46BE442224}.Ad-Hoc|x86.Build.0 = Release|x86
		{11B46B33-6478-40FF-AF7B-2E46BE442224}.Ad-Hoc|x86.Deploy.0 = Release|x86
		{11B46B33-6478-40FF-AF7B-2E46BE442224}.AppStore|Any CPU.ActiveCfg = Release|Any CPU
		{11B46B33-6478-40FF-AF7B-2E46BE442224}.AppStore|Any CPU.Build.0 = Release|Any CPU
		{11B46B33-6478-40FF-AF7B-2E46BE442224}.AppStore|Any CPU.Deploy.0 = Release|Any CPU
		{11B46B33-6478-40FF-AF7B-2E46BE442224}.AppStore|ARM.ActiveCfg = Release|ARM
		{11B46B33-6478-40FF-AF7B-2E46BE442224}.AppStore|ARM.Build.0 = Release|ARM
		{11B46B33-6478-40FF-AF7B-2E46BE442224}.AppStore|ARM.Deploy.0 = Release|ARM
		{11B46B33-6478-40FF-AF7B-2E46BE442224}.AppStore|iPhone.ActiveCfg = Release|Any CPU
		{11B46B33-6478-40FF-AF7B-2E46BE442224}.AppStore|iPhone.Build.0 = Release|Any CPU
		{11B46B33-6478-40FF-AF7B-2E46BE442224}.AppStore|iPhone.Deploy.0 = Release|Any CPU
		{11B46B33-6478-40FF-AF7B-2E46BE442224}.AppStore|iPhoneSimulator.ActiveCfg = Release|Any CPU
		{11B46B33-6478-40FF-AF7B-2E46BE442224}.AppStore|iPhoneSimulator.Build.0 = Release|Any CPU
		{11B46B33-6478-40FF-AF7B-2E46BE442224}.AppStore|iPhoneSimulator.Deploy.0 = Release|Any CPU
		{11B46B33-6478-40FF-AF7B-2E46BE442224}.AppStore|x64.ActiveCfg = Release|x64
		{11B46B33-6478-40FF-AF7B-2E46BE442224}.AppStore|x64.Build.0 = Release|x64
		{11B46B33-6478-40FF-AF7B-2E46BE442224}.AppStore|x64.Deploy.0 = Release|x64
		{11B46B33-6478-40FF-AF7B-2E46BE442224}.AppStore|x86.ActiveCfg = Release|x86
		{11B46B33-6478-40FF-AF7B-2E46BE442224}.AppStore|x86.Build.0 = Release|x86
		{11B46B33-6478-40FF-AF7B-2E46BE442224}.AppStore|x86.Deploy.0 = Release|x86
		{11B46B33-6478-40FF-AF7B-2E46BE442224}.Debug|Any CPU.ActiveCfg = Debug|Any CPU
		{11B46B33-6478-40FF-AF7B-2E46BE442224}.Debug|Any CPU.Build.0 = Debug|Any CPU
		{11B46B33-6478-40FF-AF7B-2E46BE442224}.Debug|Any CPU.Deploy.0 = Debug|Any CPU
		{11B46B33-6478-40FF-AF7B-2E46BE442224}.Debug|ARM.ActiveCfg = Debug|ARM
		{11B46B33-6478-40FF-AF7B-2E46BE442224}.Debug|ARM.Build.0 = Debug|ARM
		{11B46B33-6478-40FF-AF7B-2E46BE442224}.Debug|ARM.Deploy.0 = Debug|ARM
		{11B46B33-6478-40FF-AF7B-2E46BE442224}.Debug|iPhone.ActiveCfg = Debug|Any CPU
		{11B46B33-6478-40FF-AF7B-2E46BE442224}.Debug|iPhone.Build.0 = Debug|Any CPU
		{11B46B33-6478-40FF-AF7B-2E46BE442224}.Debug|iPhone.Deploy.0 = Debug|Any CPU
		{11B46B33-6478-40FF-AF7B-2E46BE442224}.Debug|iPhoneSimulator.ActiveCfg = Debug|Any CPU
		{11B46B33-6478-40FF-AF7B-2E46BE442224}.Debug|iPhoneSimulator.Build.0 = Debug|Any CPU
		{11B46B33-6478-40FF-AF7B-2E46BE442224}.Debug|iPhoneSimulator.Deploy.0 = Debug|Any CPU
		{11B46B33-6478-40FF-AF7B-2E46BE442224}.Debug|x64.ActiveCfg = Debug|x64
		{11B46B33-6478-40FF-AF7B-2E46BE442224}.Debug|x64.Build.0 = Debug|x64
		{11B46B33-6478-40FF-AF7B-2E46BE442224}.Debug|x64.Deploy.0 = Debug|x64
		{11B46B33-6478-40FF-AF7B-2E46BE442224}.Debug|x86.ActiveCfg = Debug|x86
		{11B46B33-6478-40FF-AF7B-2E46BE442224}.Debug|x86.Build.0 = Debug|x86
		{11B46B33-6478-40FF-AF7B-2E46BE442224}.Debug|x86.Deploy.0 = Debug|x86
		{11B46B33-6478-40FF-AF7B-2E46BE442224}.Release|Any CPU.ActiveCfg = Release|Any CPU
		{11B46B33-6478-40FF-AF7B-2E46BE442224}.Release|Any CPU.Build.0 = Release|Any CPU
		{11B46B33-6478-40FF-AF7B-2E46BE442224}.Release|Any CPU.Deploy.0 = Release|Any CPU
		{11B46B33-6478-40FF-AF7B-2E46BE442224}.Release|ARM.ActiveCfg = Release|ARM
		{11B46B33-6478-40FF-AF7B-2E46BE442224}.Release|ARM.Build.0 = Release|ARM
		{11B46B33-6478-40FF-AF7B-2E46BE442224}.Release|ARM.Deploy.0 = Release|ARM
		{11B46B33-6478-40FF-AF7B-2E46BE442224}.Release|iPhone.ActiveCfg = Release|Any CPU
		{11B46B33-6478-40FF-AF7B-2E46BE442224}.Release|iPhone.Build.0 = Release|Any CPU
		{11B46B33-6478-40FF-AF7B-2E46BE442224}.Release|iPhone.Deploy.0 = Release|Any CPU
		{11B46B33-6478-40FF-AF7B-2E46BE442224}.Release|iPhoneSimulator.ActiveCfg = Release|Any CPU
		{11B46B33-6478-40FF-AF7B-2E46BE442224}.Release|iPhoneSimulator.Build.0 = Release|Any CPU
		{11B46B33-6478-40FF-AF7B-2E46BE442224}.Release|iPhoneSimulator.Deploy.0 = Release|Any CPU
		{11B46B33-6478-40FF-AF7B-2E46BE442224}.Release|x64.ActiveCfg = Release|x64
		{11B46B33-6478-40FF-AF7B-2E46BE442224}.Release|x64.Build.0 = Release|x64
		{11B46B33-6478-40FF-AF7B-2E46BE442224}.Release|x64.Deploy.0 = Release|x64
		{11B46B33-6478-40FF-AF7B-2E46BE442224}.Release|x86.ActiveCfg = Release|x86
		{11B46B33-6478-40FF-AF7B-2E46BE442224}.Release|x86.Build.0 = Release|x86
		{11B46B33-6478-40FF-AF7B-2E46BE442224}.Release|x86.Deploy.0 = Release|x86
		{F51DE9E7-B19A-4015-884E-FFBC6AF06913}.Ad-Hoc|Any CPU.ActiveCfg = Release|Any CPU
		{F51DE9E7-B19A-4015-884E-FFBC6AF06913}.Ad-Hoc|Any CPU.Build.0 = Release|Any CPU
		{F51DE9E7-B19A-4015-884E-FFBC6AF06913}.Ad-Hoc|ARM.ActiveCfg = Release|Any CPU
		{F51DE9E7-B19A-4015-884E-FFBC6AF06913}.Ad-Hoc|ARM.Build.0 = Release|Any CPU
		{F51DE9E7-B19A-4015-884E-FFBC6AF06913}.Ad-Hoc|iPhone.ActiveCfg = Release|Any CPU
		{F51DE9E7-B19A-4015-884E-FFBC6AF06913}.Ad-Hoc|iPhone.Build.0 = Release|Any CPU
		{F51DE9E7-B19A-4015-884E-FFBC6AF06913}.Ad-Hoc|iPhoneSimulator.ActiveCfg = Release|Any CPU
		{F51DE9E7-B19A-4015-884E-FFBC6AF06913}.Ad-Hoc|iPhoneSimulator.Build.0 = Release|Any CPU
		{F51DE9E7-B19A-4015-884E-FFBC6AF06913}.Ad-Hoc|x64.ActiveCfg = Release|Any CPU
		{F51DE9E7-B19A-4015-884E-FFBC6AF06913}.Ad-Hoc|x64.Build.0 = Release|Any CPU
		{F51DE9E7-B19A-4015-884E-FFBC6AF06913}.Ad-Hoc|x86.ActiveCfg = Release|Any CPU
		{F51DE9E7-B19A-4015-884E-FFBC6AF06913}.Ad-Hoc|x86.Build.0 = Release|Any CPU
		{F51DE9E7-B19A-4015-884E-FFBC6AF06913}.AppStore|Any CPU.ActiveCfg = Release|Any CPU
		{F51DE9E7-B19A-4015-884E-FFBC6AF06913}.AppStore|Any CPU.Build.0 = Release|Any CPU
		{F51DE9E7-B19A-4015-884E-FFBC6AF06913}.AppStore|ARM.ActiveCfg = Release|Any CPU
		{F51DE9E7-B19A-4015-884E-FFBC6AF06913}.AppStore|ARM.Build.0 = Release|Any CPU
		{F51DE9E7-B19A-4015-884E-FFBC6AF06913}.AppStore|iPhone.ActiveCfg = Release|Any CPU
		{F51DE9E7-B19A-4015-884E-FFBC6AF06913}.AppStore|iPhone.Build.0 = Release|Any CPU
		{F51DE9E7-B19A-4015-884E-FFBC6AF06913}.AppStore|iPhoneSimulator.ActiveCfg = Release|Any CPU
		{F51DE9E7-B19A-4015-884E-FFBC6AF06913}.AppStore|iPhoneSimulator.Build.0 = Release|Any CPU
		{F51DE9E7-B19A-4015-884E-FFBC6AF06913}.AppStore|x64.ActiveCfg = Release|Any CPU
		{F51DE9E7-B19A-4015-884E-FFBC6AF06913}.AppStore|x64.Build.0 = Release|Any CPU
		{F51DE9E7-B19A-4015-884E-FFBC6AF06913}.AppStore|x86.ActiveCfg = Release|Any CPU
		{F51DE9E7-B19A-4015-884E-FFBC6AF06913}.AppStore|x86.Build.0 = Release|Any CPU
		{F51DE9E7-B19A-4015-884E-FFBC6AF06913}.Debug|Any CPU.ActiveCfg = Debug|Any CPU
		{F51DE9E7-B19A-4015-884E-FFBC6AF06913}.Debug|Any CPU.Build.0 = Debug|Any CPU
		{F51DE9E7-B19A-4015-884E-FFBC6AF06913}.Debug|ARM.ActiveCfg = Debug|Any CPU
		{F51DE9E7-B19A-4015-884E-FFBC6AF06913}.Debug|ARM.Build.0 = Debug|Any CPU
		{F51DE9E7-B19A-4015-884E-FFBC6AF06913}.Debug|iPhone.ActiveCfg = Debug|Any CPU
		{F51DE9E7-B19A-4015-884E-FFBC6AF06913}.Debug|iPhone.Build.0 = Debug|Any CPU
		{F51DE9E7-B19A-4015-884E-FFBC6AF06913}.Debug|iPhoneSimulator.ActiveCfg = Debug|Any CPU
		{F51DE9E7-B19A-4015-884E-FFBC6AF06913}.Debug|iPhoneSimulator.Build.0 = Debug|Any CPU
		{F51DE9E7-B19A-4015-884E-FFBC6AF06913}.Debug|x64.ActiveCfg = Debug|Any CPU
		{F51DE9E7-B19A-4015-884E-FFBC6AF06913}.Debug|x64.Build.0 = Debug|Any CPU
		{F51DE9E7-B19A-4015-884E-FFBC6AF06913}.Debug|x86.ActiveCfg = Debug|Any CPU
		{F51DE9E7-B19A-4015-884E-FFBC6AF06913}.Debug|x86.Build.0 = Debug|Any CPU
		{F51DE9E7-B19A-4015-884E-FFBC6AF06913}.Release|Any CPU.ActiveCfg = Release|Any CPU
		{F51DE9E7-B19A-4015-884E-FFBC6AF06913}.Release|Any CPU.Build.0 = Release|Any CPU
		{F51DE9E7-B19A-4015-884E-FFBC6AF06913}.Release|ARM.ActiveCfg = Release|Any CPU
		{F51DE9E7-B19A-4015-884E-FFBC6AF06913}.Release|ARM.Build.0 = Release|Any CPU
		{F51DE9E7-B19A-4015-884E-FFBC6AF06913}.Release|iPhone.ActiveCfg = Release|Any CPU
		{F51DE9E7-B19A-4015-884E-FFBC6AF06913}.Release|iPhone.Build.0 = Release|Any CPU
		{F51DE9E7-B19A-4015-884E-FFBC6AF06913}.Release|iPhoneSimulator.ActiveCfg = Release|Any CPU
		{F51DE9E7-B19A-4015-884E-FFBC6AF06913}.Release|iPhoneSimulator.Build.0 = Release|Any CPU
		{F51DE9E7-B19A-4015-884E-FFBC6AF06913}.Release|x64.ActiveCfg = Release|Any CPU
		{F51DE9E7-B19A-4015-884E-FFBC6AF06913}.Release|x64.Build.0 = Release|Any CPU
		{F51DE9E7-B19A-4015-884E-FFBC6AF06913}.Release|x86.ActiveCfg = Release|Any CPU
		{F51DE9E7-B19A-4015-884E-FFBC6AF06913}.Release|x86.Build.0 = Release|Any CPU
	EndGlobalSection
	GlobalSection(SolutionProperties) = preSolution
		HideSolutionNode = FALSE
	EndGlobalSection
EndGlobal
